
Microsoft Visual Studio Solution File, Format Version 12.00
# Visual Studio 2012
Project("{FAE04EC0-301F-11D3-BF4B-00C04F79EFBC}") = "NLog.Targets.Sentry", "NLog.Targets.Sentry\NLog.Targets.Sentry.csproj", "{C4DA3206-227C-4C65-86BB-0B91CB01B50B}"
EndProject
Project("{FAE04EC0-301F-11D3-BF4B-00C04F79EFBC}") = "NLog.Targets.Sentry.UnitTests", "NLog.Targets.Sentry.UnitTests\NLog.Targets.Sentry.UnitTests.csproj", "{EF040563-38FB-491B-AA34-30B1BC7AB0CC}"
EndProject
Global
	GlobalSection(SolutionConfigurationPlatforms) = preSolution
		Debug|Any CPU = Debug|Any CPU
		Release|Any CPU = Release|Any CPU
	EndGlobalSection
	GlobalSection(ProjectConfigurationPlatforms) = postSolution
		{C4DA3206-227C-4C65-86BB-0B91CB01B50B}.Debug|Any CPU.ActiveCfg = Debug|Any CPU
		{C4DA3206-227C-4C65-86BB-0B91CB01B50B}.Debug|Any CPU.Build.0 = Debug|Any CPU
		{C4DA3206-227C-4C65-86BB-0B91CB01B50B}.Release|Any CPU.ActiveCfg = Release|Any CPU
		{C4DA3206-227C-4C65-86BB-0B91CB01B50B}.Release|Any CPU.Build.0 = Release|Any CPU
		{EF040563-38FB-491B-AA34-30B1BC7AB0CC}.Debug|Any CPU.ActiveCfg = Debug|Any CPU
		{EF040563-38FB-491B-AA34-30B1BC7AB0CC}.Debug|Any CPU.Build.0 = Debug|Any CPU
		{EF040563-38FB-491B-AA34-30B1BC7AB0CC}.Release|Any CPU.ActiveCfg = Release|Any CPU
		{EF040563-38FB-491B-AA34-30B1BC7AB0CC}.Release|Any CPU.Build.0 = Release|Any CPU
	EndGlobalSection
	GlobalSection(SolutionProperties) = preSolution
		HideSolutionNode = FALSE
	EndGlobalSection
EndGlobal
