
Microsoft Visual Studio Solution File, Format Version 12.00
# Visual Studio 2013
VisualStudioVersion = 12.0.21005.1
MinimumVisualStudioVersion = 10.0.40219.1
Project("{FAE04EC0-301F-11D3-BF4B-00C04F79EFBC}") = "NLog.Targets.Sentry", "NLog.Targets.Sentry\NLog.Targets.Sentry.csproj", "{C4DA3206-227C-4C65-86BB-0B91CB01B50B}"
EndProject
Project("{FAE04EC0-301F-11D3-BF4B-00C04F79EFBC}") = "DemoApp", "DemoApp\DemoApp.csproj", "{B47DDADD-19D5-401D-8C10-9C93B67B3992}"
EndProject
Global
	GlobalSection(SolutionConfigurationPlatforms) = preSolution
		Debug|Any CPU = Debug|Any CPU
		Release|Any CPU = Release|Any CPU
	EndGlobalSection
	GlobalSection(ProjectConfigurationPlatforms) = postSolution
		{C4DA3206-227C-4C65-86BB-0B91CB01B50B}.Debug|Any CPU.ActiveCfg = Debug|Any CPU
		{C4DA3206-227C-4C65-86BB-0B91CB01B50B}.Debug|Any CPU.Build.0 = Debug|Any CPU
		{C4DA3206-227C-4C65-86BB-0B91CB01B50B}.Release|Any CPU.ActiveCfg = Release|Any CPU
		{C4DA3206-227C-4C65-86BB-0B91CB01B50B}.Release|Any CPU.Build.0 = Release|Any CPU
		{B47DDADD-19D5-401D-8C10-9C93B67B3992}.Debug|Any CPU.ActiveCfg = Debug|Any CPU
		{B47DDADD-19D5-401D-8C10-9C93B67B3992}.Debug|Any CPU.Build.0 = Debug|Any CPU
		{B47DDADD-19D5-401D-8C10-9C93B67B3992}.Release|Any CPU.ActiveCfg = Release|Any CPU
		{B47DDADD-19D5-401D-8C10-9C93B67B3992}.Release|Any CPU.Build.0 = Release|Any CPU
	EndGlobalSection
	GlobalSection(SolutionProperties) = preSolution
		HideSolutionNode = FALSE
	EndGlobalSection
EndGlobal
